{
  "name": "delitos",
  "version": "1.0.0",
  "lockfileVersion": 1,
  "requires": true,
  "dependencies": {
    "vuetify": {
      "version": "0.17.2",
      "resolved": "https://registry.npmjs.org/vuetify/-/vuetify-0.17.2.tgz",
      "integrity": "sha512-WQRNhla80Ogi02F5iYOhyS0I+G+g6PNciK5ya2Mte5sn8wQ35BzQDLOlZ0uwCUc9gMq1Vuqp+Kkj2yKtNSTW2w=="
    }
  }
}
